
Microsoft Visual Studio Solution File, Format Version 12.00
# Visual Studio 15
VisualStudioVersion = 15.0.28307.421
MinimumVisualStudioVersion = 10.0.40219.1
Project("{FAE04EC0-301F-11D3-BF4B-00C04F79EFBC}") = "EasyAid Windows Application", "EasyAid Windows Application\EasyAid Windows Application.csproj", "{C97F1FA3-BCF8-4A74-85A4-002EEBEE5017}"
EndProject
Global
	GlobalSection(SolutionConfigurationPlatforms) = preSolution
		Debug|Any CPU = Debug|Any CPU
		Release|Any CPU = Release|Any CPU
	EndGlobalSection
	GlobalSection(ProjectConfigurationPlatforms) = postSolution
		{C97F1FA3-BCF8-4A74-85A4-002EEBEE5017}.Debug|Any CPU.ActiveCfg = Debug|Any CPU
		{C97F1FA3-BCF8-4A74-85A4-002EEBEE5017}.Debug|Any CPU.Build.0 = Debug|Any CPU
		{C97F1FA3-BCF8-4A74-85A4-002EEBEE5017}.Release|Any CPU.ActiveCfg = Release|Any CPU
		{C97F1FA3-BCF8-4A74-85A4-002EEBEE5017}.Release|Any CPU.Build.0 = Release|Any CPU
	EndGlobalSection
	GlobalSection(SolutionProperties) = preSolution
		HideSolutionNode = FALSE
	EndGlobalSection
	GlobalSection(ExtensibilityGlobals) = postSolution
		SolutionGuid = {99741384-D451-4549-8385-51CD3E2F9291}
	EndGlobalSection
EndGlobal
